
Microsoft Visual Studio Solution File, Format Version 12.00
# Visual Studio Version 16
VisualStudioVersion = 16.0.31727.386
MinimumVisualStudioVersion = 10.0.40219.1
Project("{9A19103F-16F7-4668-BE54-9A1E7A4F7556}") = "Targil0", "Targil0\Targil0.csproj", "{4514FAE7-CDAA-491C-9A8F-5A45226A8445}"
EndProject
Project("{2150E333-8FDC-42A3-9474-1A3956D46DE8}") = "Solution Items", "Solution Items", "{6566182A-E5B3-459A-94FA-4EC5FF32A8E2}"
	ProjectSection(SolutionItems) = preProject
		README.md = README.md
	EndProjectSection
EndProject
Global
	GlobalSection(SolutionConfigurationPlatforms) = preSolution
		Debug|Any CPU = Debug|Any CPU
		Release|Any CPU = Release|Any CPU
	EndGlobalSection
	GlobalSection(ProjectConfigurationPlatforms) = postSolution
		{4514FAE7-CDAA-491C-9A8F-5A45226A8445}.Debug|Any CPU.ActiveCfg = Debug|Any CPU
		{4514FAE7-CDAA-491C-9A8F-5A45226A8445}.Debug|Any CPU.Build.0 = Debug|Any CPU
		{4514FAE7-CDAA-491C-9A8F-5A45226A8445}.Release|Any CPU.ActiveCfg = Release|Any CPU
		{4514FAE7-CDAA-491C-9A8F-5A45226A8445}.Release|Any CPU.Build.0 = Release|Any CPU
	EndGlobalSection
	GlobalSection(SolutionProperties) = preSolution
		HideSolutionNode = FALSE
	EndGlobalSection
	GlobalSection(ExtensibilityGlobals) = postSolution
		SolutionGuid = {A018C10E-94A1-435B-8797-33ADDF762BBC}
	EndGlobalSection
EndGlobal
