
Microsoft Visual Studio Solution File, Format Version 12.00
# Visual Studio Version 16
VisualStudioVersion = 16.0.31727.386
MinimumVisualStudioVersion = 10.0.40219.1
Project("{9A19103F-16F7-4668-BE54-9A1E7A4F7556}") = "Targil0", "Targil0\Targil0.csproj", "{4514FAE7-CDAA-491C-9A8F-5A45226A8445}"
EndProject
Project("{2150E333-8FDC-42A3-9474-1A3956D46DE8}") = "Solution Items", "Solution Items", "{6566182A-E5B3-459A-94FA-4EC5FF32A8E2}"
	ProjectSection(SolutionItems) = preProject
		README.md = README.md
	EndProjectSection
EndProject
Project("{9A19103F-16F7-4668-BE54-9A1E7A4F7556}") = "ConsoleUI", "ConsoleUI\ConsoleUI.csproj", "{9DB8CB1F-E083-4F77-8639-5E6D1BB42001}"
EndProject
Project("{9A19103F-16F7-4668-BE54-9A1E7A4F7556}") = "BL", "BL\BL.csproj", "{29F17B30-E2C2-49F2-8158-D8F4E62C6B53}"
	ProjectSection(ProjectDependencies) = postProject
		{9437537C-1596-4C87-8B7D-F7E18BBE02F8} = {9437537C-1596-4C87-8B7D-F7E18BBE02F8}
	EndProjectSection
EndProject
Project("{9A19103F-16F7-4668-BE54-9A1E7A4F7556}") = "ConsoleUI_BL", "ConsoleUI_BL\ConsoleUI_BL.csproj", "{47EC2609-D1DD-4CAE-BAC5-B4F6B1D415FC}"
EndProject
Project("{9A19103F-16F7-4668-BE54-9A1E7A4F7556}") = "Tools", "Tools\Tools.csproj", "{B6093177-3C5C-44B7-906E-491539588B6D}"
EndProject
Project("{9A19103F-16F7-4668-BE54-9A1E7A4F7556}") = "PL", "PL\PL.csproj", "{1ED2E95D-4652-4DA4-B007-980659747147}"
	ProjectSection(ProjectDependencies) = postProject
		{29F17B30-E2C2-49F2-8158-D8F4E62C6B53} = {29F17B30-E2C2-49F2-8158-D8F4E62C6B53}
	EndProjectSection
EndProject
Project("{9A19103F-16F7-4668-BE54-9A1E7A4F7556}") = "DalFacade", "DalFacade\DalFacade.csproj", "{9437537C-1596-4C87-8B7D-F7E18BBE02F8}"
EndProject
Project("{2150E333-8FDC-42A3-9474-1A3956D46DE8}") = "xml", "xml", "{81BAA544-D786-4A66-A452-716C53AD9518}"
	ProjectSection(SolutionItems) = preProject
		xml\dal-config.xml = xml\dal-config.xml
	EndProjectSection
EndProject
Project("{9A19103F-16F7-4668-BE54-9A1E7A4F7556}") = "DalObject", "DalObject\DalObject.csproj", "{1DFDDE70-0A58-4097-AB2F-6347C1970852}"
EndProject
Project("{9A19103F-16F7-4668-BE54-9A1E7A4F7556}") = "DalXML", "DalXml\DalXML.csproj", "{6336FFC0-BD34-4E96-932D-CC9A692FD78B}"
EndProject
Global
	GlobalSection(SolutionConfigurationPlatforms) = preSolution
		Debug|Any CPU = Debug|Any CPU
		Release|Any CPU = Release|Any CPU
	EndGlobalSection
	GlobalSection(ProjectConfigurationPlatforms) = postSolution
		{4514FAE7-CDAA-491C-9A8F-5A45226A8445}.Debug|Any CPU.ActiveCfg = Debug|Any CPU
		{4514FAE7-CDAA-491C-9A8F-5A45226A8445}.Debug|Any CPU.Build.0 = Debug|Any CPU
		{4514FAE7-CDAA-491C-9A8F-5A45226A8445}.Release|Any CPU.ActiveCfg = Release|Any CPU
		{4514FAE7-CDAA-491C-9A8F-5A45226A8445}.Release|Any CPU.Build.0 = Release|Any CPU
		{9DB8CB1F-E083-4F77-8639-5E6D1BB42001}.Debug|Any CPU.ActiveCfg = Debug|Any CPU
		{9DB8CB1F-E083-4F77-8639-5E6D1BB42001}.Debug|Any CPU.Build.0 = Debug|Any CPU
		{9DB8CB1F-E083-4F77-8639-5E6D1BB42001}.Release|Any CPU.ActiveCfg = Release|Any CPU
		{9DB8CB1F-E083-4F77-8639-5E6D1BB42001}.Release|Any CPU.Build.0 = Release|Any CPU
		{29F17B30-E2C2-49F2-8158-D8F4E62C6B53}.Debug|Any CPU.ActiveCfg = Debug|Any CPU
		{29F17B30-E2C2-49F2-8158-D8F4E62C6B53}.Debug|Any CPU.Build.0 = Debug|Any CPU
		{29F17B30-E2C2-49F2-8158-D8F4E62C6B53}.Release|Any CPU.ActiveCfg = Release|Any CPU
		{29F17B30-E2C2-49F2-8158-D8F4E62C6B53}.Release|Any CPU.Build.0 = Release|Any CPU
		{47EC2609-D1DD-4CAE-BAC5-B4F6B1D415FC}.Debug|Any CPU.ActiveCfg = Debug|Any CPU
		{47EC2609-D1DD-4CAE-BAC5-B4F6B1D415FC}.Debug|Any CPU.Build.0 = Debug|Any CPU
		{47EC2609-D1DD-4CAE-BAC5-B4F6B1D415FC}.Release|Any CPU.ActiveCfg = Release|Any CPU
		{47EC2609-D1DD-4CAE-BAC5-B4F6B1D415FC}.Release|Any CPU.Build.0 = Release|Any CPU
		{B6093177-3C5C-44B7-906E-491539588B6D}.Debug|Any CPU.ActiveCfg = Debug|Any CPU
		{B6093177-3C5C-44B7-906E-491539588B6D}.Debug|Any CPU.Build.0 = Debug|Any CPU
		{B6093177-3C5C-44B7-906E-491539588B6D}.Release|Any CPU.ActiveCfg = Release|Any CPU
		{B6093177-3C5C-44B7-906E-491539588B6D}.Release|Any CPU.Build.0 = Release|Any CPU
		{1ED2E95D-4652-4DA4-B007-980659747147}.Debug|Any CPU.ActiveCfg = Debug|Any CPU
		{1ED2E95D-4652-4DA4-B007-980659747147}.Debug|Any CPU.Build.0 = Debug|Any CPU
		{1ED2E95D-4652-4DA4-B007-980659747147}.Release|Any CPU.ActiveCfg = Release|Any CPU
		{1ED2E95D-4652-4DA4-B007-980659747147}.Release|Any CPU.Build.0 = Release|Any CPU
		{9437537C-1596-4C87-8B7D-F7E18BBE02F8}.Debug|Any CPU.ActiveCfg = Debug|Any CPU
		{9437537C-1596-4C87-8B7D-F7E18BBE02F8}.Debug|Any CPU.Build.0 = Debug|Any CPU
		{9437537C-1596-4C87-8B7D-F7E18BBE02F8}.Release|Any CPU.ActiveCfg = Release|Any CPU
		{9437537C-1596-4C87-8B7D-F7E18BBE02F8}.Release|Any CPU.Build.0 = Release|Any CPU
		{1DFDDE70-0A58-4097-AB2F-6347C1970852}.Debug|Any CPU.ActiveCfg = Debug|Any CPU
		{1DFDDE70-0A58-4097-AB2F-6347C1970852}.Debug|Any CPU.Build.0 = Debug|Any CPU
		{1DFDDE70-0A58-4097-AB2F-6347C1970852}.Release|Any CPU.ActiveCfg = Release|Any CPU
		{1DFDDE70-0A58-4097-AB2F-6347C1970852}.Release|Any CPU.Build.0 = Release|Any CPU
		{6336FFC0-BD34-4E96-932D-CC9A692FD78B}.Debug|Any CPU.ActiveCfg = Debug|Any CPU
		{6336FFC0-BD34-4E96-932D-CC9A692FD78B}.Debug|Any CPU.Build.0 = Debug|Any CPU
		{6336FFC0-BD34-4E96-932D-CC9A692FD78B}.Release|Any CPU.ActiveCfg = Release|Any CPU
		{6336FFC0-BD34-4E96-932D-CC9A692FD78B}.Release|Any CPU.Build.0 = Release|Any CPU
	EndGlobalSection
	GlobalSection(SolutionProperties) = preSolution
		HideSolutionNode = FALSE
	EndGlobalSection
	GlobalSection(ExtensibilityGlobals) = postSolution
		SolutionGuid = {A018C10E-94A1-435B-8797-33ADDF762BBC}
	EndGlobalSection
EndGlobal
